// !$*UTF8*$!
{
	archiveVersion = 1;
	classes = {
	};
	objectVersion = 56;
	objects = {

/* Begin PBXBuildFile section */
		812AE5EC295B728D0040D9AB /* FavoriteViewController.swift in Sources */ = {isa = PBXBuildFile; fileRef = 812AE5EB295B728D0040D9AB /* FavoriteViewController.swift */; };
		812AE5EE295BBA160040D9AB /* FavoritesTableViewController.swift in Sources */ = {isa = PBXBuildFile; fileRef = 812AE5ED295BBA160040D9AB /* FavoritesTableViewController.swift */; };
		812AE5F0295BD0940040D9AB /* Favorite.swift in Sources */ = {isa = PBXBuildFile; fileRef = 812AE5EF295BD0940040D9AB /* Favorite.swift */; };
		81A7A46C295A63C7007662CC /* Quote.swift in Sources */ = {isa = PBXBuildFile; fileRef = 81A7A46B295A63C7007662CC /* Quote.swift */; };
		81CC2765295A12A1000D9DEB /* AppDelegate.swift in Sources */ = {isa = PBXBuildFile; fileRef = 81CC2764295A12A1000D9DEB /* AppDelegate.swift */; };
		81CC2767295A12A1000D9DEB /* SceneDelegate.swift in Sources */ = {isa = PBXBuildFile; fileRef = 81CC2766295A12A1000D9DEB /* SceneDelegate.swift */; };
		81CC2769295A12A1000D9DEB /* RandomQuoteViewController.swift in Sources */ = {isa = PBXBuildFile; fileRef = 81CC2768295A12A1000D9DEB /* RandomQuoteViewController.swift */; };
		81CC276E295A12A2000D9DEB /* Assets.xcassets in Resources */ = {isa = PBXBuildFile; fileRef = 81CC276D295A12A2000D9DEB /* Assets.xcassets */; };
		81CC2771295A12A2000D9DEB /* LaunchScreen.storyboard in Resources */ = {isa = PBXBuildFile; fileRef = 81CC276F295A12A2000D9DEB /* LaunchScreen.storyboard */; };
/* End PBXBuildFile section */

/* Begin PBXFileReference section */
		812AE5EB295B728D0040D9AB /* FavoriteViewController.swift */ = {isa = PBXFileReference; lastKnownFileType = sourcecode.swift; path = FavoriteViewController.swift; sourceTree = "<group>"; };
		812AE5ED295BBA160040D9AB /* FavoritesTableViewController.swift */ = {isa = PBXFileReference; lastKnownFileType = sourcecode.swift; path = FavoritesTableViewController.swift; sourceTree = "<group>"; };
		812AE5EF295BD0940040D9AB /* Favorite.swift */ = {isa = PBXFileReference; lastKnownFileType = sourcecode.swift; path = Favorite.swift; sourceTree = "<group>"; };
		81A7A46B295A63C7007662CC /* Quote.swift */ = {isa = PBXFileReference; lastKnownFileType = sourcecode.swift; path = Quote.swift; sourceTree = "<group>"; };
		81CC2761295A12A1000D9DEB /* RandomQuoteApp.app */ = {isa = PBXFileReference; explicitFileType = wrapper.application; includeInIndex = 0; path = RandomQuoteApp.app; sourceTree = BUILT_PRODUCTS_DIR; };
		81CC2764295A12A1000D9DEB /* AppDelegate.swift */ = {isa = PBXFileReference; lastKnownFileType = sourcecode.swift; path = AppDelegate.swift; sourceTree = "<group>"; };
		81CC2766295A12A1000D9DEB /* SceneDelegate.swift */ = {isa = PBXFileReference; lastKnownFileType = sourcecode.swift; path = SceneDelegate.swift; sourceTree = "<group>"; };
		81CC2768295A12A1000D9DEB /* RandomQuoteViewController.swift */ = {isa = PBXFileReference; lastKnownFileType = sourcecode.swift; path = RandomQuoteViewController.swift; sourceTree = "<group>"; };
		81CC276D295A12A2000D9DEB /* Assets.xcassets */ = {isa = PBXFileReference; lastKnownFileType = folder.assetcatalog; path = Assets.xcassets; sourceTree = "<group>"; };
		81CC2770295A12A2000D9DEB /* Base */ = {isa = PBXFileReference; lastKnownFileType = file.storyboard; name = Base; path = Base.lproj/LaunchScreen.storyboard; sourceTree = "<group>"; };
		81CC2772295A12A2000D9DEB /* Info.plist */ = {isa = PBXFileReference; lastKnownFileType = text.plist.xml; path = Info.plist; sourceTree = "<group>"; };
/* End PBXFileReference section */

/* Begin PBXFrameworksBuildPhase section */
		81CC275E295A12A1000D9DEB /* Frameworks */ = {
			isa = PBXFrameworksBuildPhase;
			buildActionMask = 2147483647;
			files = (
			);
			runOnlyForDeploymentPostprocessing = 0;
		};
/* End PBXFrameworksBuildPhase section */

/* Begin PBXGroup section */
		810890BC2967BD9100058B6E /* Views */ = {
			isa = PBXGroup;
			children = (
			);
			path = Views;
			sourceTree = "<group>";
		};
		812AE5EA295B6DEE0040D9AB /* Controllers */ = {
			isa = PBXGroup;
			children = (
				812AE5ED295BBA160040D9AB /* FavoritesTableViewController.swift */,
				812AE5EB295B728D0040D9AB /* FavoriteViewController.swift */,
				81CC2768295A12A1000D9DEB /* RandomQuoteViewController.swift */,
			);
			path = Controllers;
			sourceTree = "<group>";
		};
		81A7A46A295A63AE007662CC /* Model */ = {
			isa = PBXGroup;
			children = (
				81A7A46B295A63C7007662CC /* Quote.swift */,
				812AE5EF295BD0940040D9AB /* Favorite.swift */,
			);
			path = Model;
			sourceTree = "<group>";
		};
		81CC2758295A12A1000D9DEB = {
			isa = PBXGroup;
			children = (
				81CC2763295A12A1000D9DEB /* RandomQuoteApp */,
				81CC2762295A12A1000D9DEB /* Products */,
			);
			sourceTree = "<group>";
		};
		81CC2762295A12A1000D9DEB /* Products */ = {
			isa = PBXGroup;
			children = (
				81CC2761295A12A1000D9DEB /* RandomQuoteApp.app */,
			);
			name = Products;
			sourceTree = "<group>";
		};
		81CC2763295A12A1000D9DEB /* RandomQuoteApp */ = {
			isa = PBXGroup;
			children = (
				81A7A46A295A63AE007662CC /* Model */,
				810890BC2967BD9100058B6E /* Views */,
				812AE5EA295B6DEE0040D9AB /* Controllers */,
				81CC2764295A12A1000D9DEB /* AppDelegate.swift */,
				81CC2766295A12A1000D9DEB /* SceneDelegate.swift */,
				81CC276D295A12A2000D9DEB /* Assets.xcassets */,
				81CC276F295A12A2000D9DEB /* LaunchScreen.storyboard */,
				81CC2772295A12A2000D9DEB /* Info.plist */,
			);
			path = RandomQuoteApp;
			sourceTree = "<group>";
		};
/* End PBXGroup section */

/* Begin PBXNativeTarget section */
		81CC2760295A12A1000D9DEB /* RandomQuoteApp */ = {
			isa = PBXNativeTarget;
			buildConfigurationList = 81CC2775295A12A2000D9DEB /* Build configuration list for PBXNativeTarget "RandomQuoteApp" */;
			buildPhases = (
				81CC275D295A12A1000D9DEB /* Sources */,
				81CC275E295A12A1000D9DEB /* Frameworks */,
				81CC275F295A12A1000D9DEB /* Resources */,
			);
			buildRules = (
			);
			dependencies = (
			);
			name = RandomQuoteApp;
			productName = RandomQuoteApp;
			productReference = 81CC2761295A12A1000D9DEB /* RandomQuoteApp.app */;
			productType = "com.apple.product-type.application";
		};
/* End PBXNativeTarget section */

/* Begin PBXProject section */
		81CC2759295A12A1000D9DEB /* Project object */ = {
			isa = PBXProject;
			attributes = {
				BuildIndependentTargetsInParallel = 1;
				LastSwiftUpdateCheck = 1420;
				LastUpgradeCheck = 1420;
				TargetAttributes = {
					81CC2760295A12A1000D9DEB = {
						CreatedOnToolsVersion = 14.2;
					};
				};
			};
			buildConfigurationList = 81CC275C295A12A1000D9DEB /* Build configuration list for PBXProject "RandomQuoteApp" */;
			compatibilityVersion = "Xcode 14.0";
			developmentRegion = en;
			hasScannedForEncodings = 0;
			knownRegions = (
				en,
				Base,
			);
			mainGroup = 81CC2758295A12A1000D9DEB;
			productRefGroup = 81CC2762295A12A1000D9DEB /* Products */;
			projectDirPath = "";
			projectRoot = "";
			targets = (
				81CC2760295A12A1000D9DEB /* RandomQuoteApp */,
			);
		};
/* End PBXProject section */

/* Begin PBXResourcesBuildPhase section */
		81CC275F295A12A1000D9DEB /* Resources */ = {
			isa = PBXResourcesBuildPhase;
			buildActionMask = 2147483647;
			files = (
				81CC2771295A12A2000D9DEB /* LaunchScreen.storyboard in Resources */,
				81CC276E295A12A2000D9DEB /* Assets.xcassets in Resources */,
			);
			runOnlyForDeploymentPostprocessing = 0;
		};
/* End PBXResourcesBuildPhase section */

/* Begin PBXSourcesBuildPhase section */
		81CC275D295A12A1000D9DEB /* Sources */ = {
			isa = PBXSourcesBuildPhase;
			buildActionMask = 2147483647;
			files = (
				81A7A46C295A63C7007662CC /* Quote.swift in Sources */,
				812AE5F0295BD0940040D9AB /* Favorite.swift in Sources */,
				81CC2769295A12A1000D9DEB /* RandomQuoteViewController.swift in Sources */,
				812AE5EC295B728D0040D9AB /* FavoriteViewController.swift in Sources */,
				81CC2765295A12A1000D9DEB /* AppDelegate.swift in Sources */,
				812AE5EE295BBA160040D9AB /* FavoritesTableViewController.swift in Sources */,
				81CC2767295A12A1000D9DEB /* SceneDelegate.swift in Sources */,
			);
			runOnlyForDeploymentPostprocessing = 0;
		};
/* End PBXSourcesBuildPhase section */

/* Begin PBXVariantGroup section */
		81CC276F295A12A2000D9DEB /* LaunchScreen.storyboard */ = {
			isa = PBXVariantGroup;
			children = (
				81CC2770295A12A2000D9DEB /* Base */,
			);
			name = LaunchScreen.storyboard;
			sourceTree = "<group>";
		};
/* End PBXVariantGroup section */

/* Begin XCBuildConfiguration section */
		81CC2773295A12A2000D9DEB /* Debug */ = {
			isa = XCBuildConfiguration;
			buildSettings = {
				ALWAYS_SEARCH_USER_PATHS = NO;
				CLANG_ANALYZER_NONNULL = YES;
				CLANG_ANALYZER_NUMBER_OBJECT_CONVERSION = YES_AGGRESSIVE;
				CLANG_CXX_LANGUAGE_STANDARD = "gnu++20";
				CLANG_ENABLE_MODULES = YES;
				CLANG_ENABLE_OBJC_ARC = YES;
				CLANG_ENABLE_OBJC_WEAK = YES;
				CLANG_WARN_BLOCK_CAPTURE_AUTORELEASING = YES;
				CLANG_WARN_BOOL_CONVERSION = YES;
				CLANG_WARN_COMMA = YES;
				CLANG_WARN_CONSTANT_CONVERSION = YES;
				CLANG_WARN_DEPRECATED_OBJC_IMPLEMENTATIONS = YES;
				CLANG_WARN_DIRECT_OBJC_ISA_USAGE = YES_ERROR;
				CLANG_WARN_DOCUMENTATION_COMMENTS = YES;
				CLANG_WARN_EMPTY_BODY = YES;
				CLANG_WARN_ENUM_CONVERSION = YES;
				CLANG_WARN_INFINITE_RECURSION = YES;
				CLANG_WARN_INT_CONVERSION = YES;
				CLANG_WARN_NON_LITERAL_NULL_CONVERSION = YES;
				CLANG_WARN_OBJC_IMPLICIT_RETAIN_SELF = YES;
				CLANG_WARN_OBJC_LITERAL_CONVERSION = YES;
				CLANG_WARN_OBJC_ROOT_CLASS = YES_ERROR;
				CLANG_WARN_QUOTED_INCLUDE_IN_FRAMEWORK_HEADER = YES;
				CLANG_WARN_RANGE_LOOP_ANALYSIS = YES;
				CLANG_WARN_STRICT_PROTOTYPES = YES;
				CLANG_WARN_SUSPICIOUS_MOVE = YES;
				CLANG_WARN_UNGUARDED_AVAILABILITY = YES_AGGRESSIVE;
				CLANG_WARN_UNREACHABLE_CODE = YES;
				CLANG_WARN__DUPLICATE_METHOD_MATCH = YES;
				COPY_PHASE_STRIP = NO;
				DEBUG_INFORMATION_FORMAT = dwarf;
				ENABLE_STRICT_OBJC_MSGSEND = YES;
				ENABLE_TESTABILITY = YES;
				GCC_C_LANGUAGE_STANDARD = gnu11;
				GCC_DYNAMIC_NO_PIC = NO;
				GCC_NO_COMMON_BLOCKS = YES;
				GCC_OPTIMIZATION_LEVEL = 0;
				GCC_PREPROCESSOR_DEFINITIONS = (
					"DEBUG=1",
					"$(inherited)",
				);
				GCC_WARN_64_TO_32_BIT_CONVERSION = YES;
				GCC_WARN_ABOUT_RETURN_TYPE = YES_ERROR;
				GCC_WARN_UNDECLARED_SELECTOR = YES;
				GCC_WARN_UNINITIALIZED_AUTOS = YES_AGGRESSIVE;
				GCC_WARN_UNUSED_FUNCTION = YES;
				GCC_WARN_UNUSED_VARIABLE = YES;
				IPHONEOS_DEPLOYMENT_TARGET = 16.2;
				MTL_ENABLE_DEBUG_INFO = INCLUDE_SOURCE;
				MTL_FAST_MATH = YES;
				ONLY_ACTIVE_ARCH = YES;
				SDKROOT = iphoneos;
				SWIFT_ACTIVE_COMPILATION_CONDITIONS = DEBUG;
				SWIFT_OPTIMIZATION_LEVEL = "-Onone";
			};
			name = Debug;
		};
		81CC2774295A12A2000D9DEB /* Release */ = {
			isa = XCBuildConfiguration;
			buildSettings = {
				ALWAYS_SEARCH_USER_PATHS = NO;
				CLANG_ANALYZER_NONNULL = YES;
				CLANG_ANALYZER_NUMBER_OBJECT_CONVERSION = YES_AGGRESSIVE;
				CLANG_CXX_LANGUAGE_STANDARD = "gnu++20";
				CLANG_ENABLE_MODULES = YES;
				CLANG_ENABLE_OBJC_ARC = YES;
				CLANG_ENABLE_OBJC_WEAK = YES;
				CLANG_WARN_BLOCK_CAPTURE_AUTORELEASING = YES;
				CLANG_WARN_BOOL_CONVERSION = YES;
				CLANG_WARN_COMMA = YES;
				CLANG_WARN_CONSTANT_CONVERSION = YES;
				CLANG_WARN_DEPRECATED_OBJC_IMPLEMENTATIONS = YES;
				CLANG_WARN_DIRECT_OBJC_ISA_USAGE = YES_ERROR;
				CLANG_WARN_DOCUMENTATION_COMMENTS = YES;
				CLANG_WARN_EMPTY_BODY = YES;
				CLANG_WARN_ENUM_CONVERSION = YES;
				CLANG_WARN_INFINITE_RECURSION = YES;
				CLANG_WARN_INT_CONVERSION = YES;
				CLANG_WARN_NON_LITERAL_NULL_CONVERSION = YES;
				CLANG_WARN_OBJC_IMPLICIT_RETAIN_SELF = YES;
				CLANG_WARN_OBJC_LITERAL_CONVERSION = YES;
				CLANG_WARN_OBJC_ROOT_CLASS = YES_ERROR;
				CLANG_WARN_QUOTED_INCLUDE_IN_FRAMEWORK_HEADER = YES;
				CLANG_WARN_RANGE_LOOP_ANALYSIS = YES;
				CLANG_WARN_STRICT_PROTOTYPES = YES;
				CLANG_WARN_SUSPICIOUS_MOVE = YES;
				CLANG_WARN_UNGUARDED_AVAILABILITY = YES_AGGRESSIVE;
				CLANG_WARN_UNREACHABLE_CODE = YES;
				CLANG_WARN__DUPLICATE_METHOD_MATCH = YES;
				COPY_PHASE_STRIP = NO;
				DEBUG_INFORMATION_FORMAT = "dwarf-with-dsym";
				ENABLE_NS_ASSERTIONS = NO;
				ENABLE_STRICT_OBJC_MSGSEND = YES;
				GCC_C_LANGUAGE_STANDARD = gnu11;
				GCC_NO_COMMON_BLOCKS = YES;
				GCC_WARN_64_TO_32_BIT_CONVERSION = YES;
				GCC_WARN_ABOUT_RETURN_TYPE = YES_ERROR;
				GCC_WARN_UNDECLARED_SELECTOR = YES;
				GCC_WARN_UNINITIALIZED_AUTOS = YES_AGGRESSIVE;
				GCC_WARN_UNUSED_FUNCTION = YES;
				GCC_WARN_UNUSED_VARIABLE = YES;
				IPHONEOS_DEPLOYMENT_TARGET = 16.2;
				MTL_ENABLE_DEBUG_INFO = NO;
				MTL_FAST_MATH = YES;
				SDKROOT = iphoneos;
				SWIFT_COMPILATION_MODE = wholemodule;
				SWIFT_OPTIMIZATION_LEVEL = "-O";
				VALIDATE_PRODUCT = YES;
			};
			name = Release;
		};
		81CC2776295A12A2000D9DEB /* Debug */ = {
			isa = XCBuildConfiguration;
			buildSettings = {
				ASSETCATALOG_COMPILER_APPICON_NAME = AppIcon;
				ASSETCATALOG_COMPILER_GLOBAL_ACCENT_COLOR_NAME = AccentColor;
				CODE_SIGN_STYLE = Automatic;
				CURRENT_PROJECT_VERSION = 1;
				GENERATE_INFOPLIST_FILE = YES;
				INFOPLIST_FILE = RandomQuoteApp/Info.plist;
				INFOPLIST_KEY_UIApplicationSupportsIndirectInputEvents = YES;
				INFOPLIST_KEY_UILaunchStoryboardName = LaunchScreen;
				INFOPLIST_KEY_UISupportedInterfaceOrientations = UIInterfaceOrientationPortrait;
				LD_RUNPATH_SEARCH_PATHS = (
					"$(inherited)",
					"@executable_path/Frameworks",
				);
				MARKETING_VERSION = 1.0;
				PRODUCT_BUNDLE_IDENTIFIER = com.whitneyharper.RandomQuoteApp;
				PRODUCT_NAME = "$(TARGET_NAME)";
				SUPPORTED_PLATFORMS = "iphoneos iphonesimulator";
				SUPPORTS_MACCATALYST = NO;
				SUPPORTS_MAC_DESIGNED_FOR_IPHONE_IPAD = NO;
				SWIFT_EMIT_LOC_STRINGS = YES;
				SWIFT_VERSION = 5.0;
				TARGETED_DEVICE_FAMILY = "1,2";
			};
			name = Debug;
		};
		81CC2777295A12A2000D9DEB /* Release */ = {
			isa = XCBuildConfiguration;
			buildSettings = {
				ASSETCATALOG_COMPILER_APPICON_NAME = AppIcon;
				ASSETCATALOG_COMPILER_GLOBAL_ACCENT_COLOR_NAME = AccentColor;
				CODE_SIGN_STYLE = Automatic;
				CURRENT_PROJECT_VERSION = 1;
				GENERATE_INFOPLIST_FILE = YES;
				INFOPLIST_FILE = RandomQuoteApp/Info.plist;
				INFOPLIST_KEY_UIApplicationSupportsIndirectInputEvents = YES;
				INFOPLIST_KEY_UILaunchStoryboardName = LaunchScreen;
				INFOPLIST_KEY_UISupportedInterfaceOrientations = UIInterfaceOrientationPortrait;
				LD_RUNPATH_SEARCH_PATHS = (
					"$(inherited)",
					"@executable_path/Frameworks",
				);
				MARKETING_VERSION = 1.0;
				PRODUCT_BUNDLE_IDENTIFIER = com.whitneyharper.RandomQuoteApp;
				PRODUCT_NAME = "$(TARGET_NAME)";
				SUPPORTED_PLATFORMS = "iphoneos iphonesimulator";
				SUPPORTS_MACCATALYST = NO;
				SUPPORTS_MAC_DESIGNED_FOR_IPHONE_IPAD = NO;
				SWIFT_EMIT_LOC_STRINGS = YES;
				SWIFT_VERSION = 5.0;
				TARGETED_DEVICE_FAMILY = "1,2";
			};
			name = Release;
		};
/* End XCBuildConfiguration section */

/* Begin XCConfigurationList section */
		81CC275C295A12A1000D9DEB /* Build configuration list for PBXProject "RandomQuoteApp" */ = {
			isa = XCConfigurationList;
			buildConfigurations = (
				81CC2773295A12A2000D9DEB /* Debug */,
				81CC2774295A12A2000D9DEB /* Release */,
			);
			defaultConfigurationIsVisible = 0;
			defaultConfigurationName = Release;
		};
		81CC2775295A12A2000D9DEB /* Build configuration list for PBXNativeTarget "RandomQuoteApp" */ = {
			isa = XCConfigurationList;
			buildConfigurations = (
				81CC2776295A12A2000D9DEB /* Debug */,
				81CC2777295A12A2000D9DEB /* Release */,
			);
			defaultConfigurationIsVisible = 0;
			defaultConfigurationName = Release;
		};
/* End XCConfigurationList section */
	};
	rootObject = 81CC2759295A12A1000D9DEB /* Project object */;
}
